<?xml version="1.0" encoding="UTF-8" standalone="yes" ?>
<CodeBlocks_project_file>
	<FileVersion major="1" minor="6" />
	<Project>
		<Option title="game_window_manager" />
		<Option pch_mode="2" />
		<Option compiler="gcc" />
		<Build>
			<Target title="Debug">
				<Option output="bin/Debug/game_window_manager" prefix_auto="1" extension_auto="1" />
				<Option object_output="obj/Debug/" />
				<Option type="1" />
				<Option compiler="gcc" />
				<Compiler>
					<Add option="-g" />
				</Compiler>
			</Target>
			<Target title="Release">
				<Option output="bin/Release/game_window_manager" prefix_auto="1" extension_auto="1" />
				<Option object_output="obj/Release/" />
				<Option type="1" />
				<Option compiler="gcc" />
				<Compiler>
					<Add option="-O2" />
				</Compiler>
				<Linker>
					<Add option="-s" />
				</Linker>
			</Target>
			<Target title="Deploy">
				<Option output="bin/Deploy/game_window_manager" prefix_auto="1" extension_auto="1" />
				<Option working_dir="bin/Deploy" />
				<Option object_output="obj/Deploy/" />
				<Option type="0" />
				<Option compiler="gcc" />
				<Compiler>
					<Add option="-O2" />
				</Compiler>
				<Linker>
					<Add option="-s" />
				</Linker>
			</Target>
		</Build>
		<Compiler>
			<Add option="-Wall" />
			<Add option="-std=c++1z" />
			<Add option="-fexceptions" />
			<Add option="-DNO_VEC_SUPPORT" />
			<Add option="-DNO_COMPRESSION" />
			<Add option="-DNET_CLIENT" />
			<Add option="-DNO_SFML" />
			<Add directory="deps" />
		</Compiler>
		<Linker>
			<Add option="-lpsapi" />
			<Add option="-lmingw32" />
			<Add option="-limgui" />
			<Add option="-lsfml-graphics" />
			<Add option="-lsfml-window" />
			<Add option="-lsfml-system" />
			<Add option="-lfreetype" />
			<Add option="-lopengl32" />
			<Add option="-lflac" />
			<Add option="-lopenal32" />
		</Linker>
		<Unit filename="deps/funserialisation/serialise.cpp" />
		<Unit filename="deps/funserialisation/serialise.hpp" />
		<Unit filename="main.cpp" />
		<Unit filename="winapi_interop.hpp" />
		<Extensions>
			<code_completion />
			<envvars />
			<debugger />
		</Extensions>
	</Project>
</CodeBlocks_project_file>
